
Microsoft Visual Studio Solution File, Format Version 12.00
# Visual Studio Version 17
VisualStudioVersion = 17.0.31903.59
MinimumVisualStudioVersion = 10.0.40219.1
Project("{FAE04EC0-301F-11D3-BF4B-00C04F79EFBC}") = "project_code", "project_code\project_code.csproj", "{51AF1A28-DAD2-4D53-B6CA-0C5E3C139DFA}"
EndProject
Global
	GlobalSection(SolutionConfigurationPlatforms) = preSolution
		Debug|Any CPU = Debug|Any CPU
		Debug|x64 = Debug|x64
		Debug|x86 = Debug|x86
		Release|Any CPU = Release|Any CPU
		Release|x64 = Release|x64
		Release|x86 = Release|x86
	EndGlobalSection
	GlobalSection(ProjectConfigurationPlatforms) = postSolution
		{51AF1A28-DAD2-4D53-B6CA-0C5E3C139DFA}.Debug|Any CPU.ActiveCfg = Debug|Any CPU
		{51AF1A28-DAD2-4D53-B6CA-0C5E3C139DFA}.Debug|Any CPU.Build.0 = Debug|Any CPU
		{51AF1A28-DAD2-4D53-B6CA-0C5E3C139DFA}.Debug|x64.ActiveCfg = Debug|Any CPU
		{51AF1A28-DAD2-4D53-B6CA-0C5E3C139DFA}.Debug|x64.Build.0 = Debug|Any CPU
		{51AF1A28-DAD2-4D53-B6CA-0C5E3C139DFA}.Debug|x86.ActiveCfg = Debug|Any CPU
		{51AF1A28-DAD2-4D53-B6CA-0C5E3C139DFA}.Debug|x86.Build.0 = Debug|Any CPU
		{51AF1A28-DAD2-4D53-B6CA-0C5E3C139DFA}.Release|Any CPU.ActiveCfg = Release|Any CPU
		{51AF1A28-DAD2-4D53-B6CA-0C5E3C139DFA}.Release|Any CPU.Build.0 = Release|Any CPU
		{51AF1A28-DAD2-4D53-B6CA-0C5E3C139DFA}.Release|x64.ActiveCfg = Release|Any CPU
		{51AF1A28-DAD2-4D53-B6CA-0C5E3C139DFA}.Release|x64.Build.0 = Release|Any CPU
		{51AF1A28-DAD2-4D53-B6CA-0C5E3C139DFA}.Release|x86.ActiveCfg = Release|Any CPU
		{51AF1A28-DAD2-4D53-B6CA-0C5E3C139DFA}.Release|x86.Build.0 = Release|Any CPU
	EndGlobalSection
	GlobalSection(SolutionProperties) = preSolution
		HideSolutionNode = FALSE
	EndGlobalSection
EndGlobal
